{
  "name": "workspace",
  "version": "0.1.0",
  "lockfileVersion": 3,
  "requires": true,
  "packages": {
    "": {
      "name": "workspace",
      "version": "0.1.0",
      "dependencies": {
        "@prisma/client": "5.4.2",
        "@types/react": "18.2.25",
        "@types/react-dom": "18.2.10",
        "prisma": "5.4.2",
        "react": "18.2.0",
        "react-dom": "18.2.0",
        "react-hook-form": "7.47.0",
        "typescript": "5.3.0-dev.20231012"
      }
    },
    "node_modules/@prisma/client": {
      "version": "5.4.2",
      "resolved": "https://registry.npmjs.org/@prisma/client/-/client-5.4.2.tgz",
      "integrity": "sha512-2xsPaz4EaMKj1WS9iW6MlPhmbqtBsXAOeVttSePp8vTFTtvzh2hZbDgswwBdSCgPzmmwF+tLB259QzggvCmJqA==",
      "hasInstallScript": true,
      "dependencies": {
        "@prisma/engines-version": "5.4.1-2.ac9d7041ed77bcc8a8dbd2ab6616b39013829574"
      },
      "engines": {
        "node": ">=16.13"
      },
      "peerDependencies": {
        "prisma": "*"
      },
      "peerDependenciesMeta": {
        "prisma": {
          "optional": true
        }
      }
    },
    "node_modules/@prisma/engines": {
      "version": "5.4.2",
      "resolved": "https://registry.npmjs.org/@prisma/engines/-/engines-5.4.2.tgz",
      "integrity": "sha512-fqeucJ3LH0e1eyFdT0zRx+oETLancu5+n4lhiYECyEz6H2RDskPJHJYHkVc0LhkU4Uv7fuEnppKU3nVKNzMh8g==",
      "hasInstallScript": true
    },
    "node_modules/@prisma/engines-version": {
      "version": "5.4.1-2.ac9d7041ed77bcc8a8dbd2ab6616b39013829574",
      "resolved": "https://registry.npmjs.org/@prisma/engines-version/-/engines-version-5.4.1-2.ac9d7041ed77bcc8a8dbd2ab6616b39013829574.tgz",
      "integrity": "sha512-wvupDL4AA1vf4TQNANg7kR7y98ITqPsk6aacfBxZKtrJKRIsWjURHkZCGcQliHdqCiW/hGreO6d6ZuSv9MhdAA=="
    },
    "node_modules/@types/prop-types": {
      "version": "15.7.8",
      "resolved": "https://registry.npmjs.org/@types/prop-types/-/prop-types-15.7.8.tgz",
      "integrity": "sha512-kMpQpfZKSCBqltAJwskgePRaYRFukDkm1oItcAbC3gNELR20XIBcN9VRgg4+m8DKsTfkWeA4m4Imp4DDuWy7FQ=="
    },
    "node_modules/@types/react": {
      "version": "18.2.25",
      "resolved": "https://registry.npmjs.org/@types/react/-/react-18.2.25.tgz",
      "integrity": "sha512-24xqse6+VByVLIr+xWaQ9muX1B4bXJKXBbjszbld/UEDslGLY53+ZucF44HCmLbMPejTzGG9XgR+3m2/Wqu1kw==",
      "dependencies": {
        "@types/prop-types": "*",
        "@types/scheduler": "*",
        "csstype": "^3.0.2"
      }
    },
    "node_modules/@types/react-dom": {
      "version": "18.2.10",
      "resolved": "https://registry.npmjs.org/@types/react-dom/-/react-dom-18.2.10.tgz",
      "integrity": "sha512-5VEC5RgXIk1HHdyN1pHlg0cOqnxHzvPGpMMyGAP5qSaDRmyZNDaQ0kkVAkK6NYlDhP6YBID3llaXlmAS/mdgCA==",
      "dependencies": {
        "@types/react": "*"
      }
    },
    "node_modules/@types/scheduler": {
      "version": "0.16.4",
      "resolved": "https://registry.npmjs.org/@types/scheduler/-/scheduler-0.16.4.tgz",
      "integrity": "sha512-2L9ifAGl7wmXwP4v3pN4p2FLhD0O1qsJpvKmNin5VA8+UvNVb447UDaAEV6UdrkA+m/Xs58U1RFps44x6TFsVQ=="
    },
    "node_modules/csstype": {
      "version": "3.1.2",
      "resolved": "https://registry.npmjs.org/csstype/-/csstype-3.1.2.tgz",
      "integrity": "sha512-I7K1Uu0MBPzaFKg4nI5Q7Vs2t+3gWWW648spaF+Rg7pI9ds18Ugn+lvg4SHczUdKlHI5LWBXyqfS8+DufyBsgQ=="
    },
    "node_modules/js-tokens": {
      "version": "4.0.0",
      "resolved": "https://registry.npmjs.org/js-tokens/-/js-tokens-4.0.0.tgz",
      "integrity": "sha512-RdJUflcE3cUzKiMqQgsCu06FPu9UdIJO0beYbPhHN4k6apgJtifcoCtT9bcxOpYBtpD2kCM6Sbzg4CausW/PKQ=="
    },
    "node_modules/loose-envify": {
      "version": "1.4.0",
      "resolved": "https://registry.npmjs.org/loose-envify/-/loose-envify-1.4.0.tgz",
      "integrity": "sha512-lyuxPGr/Wfhrlem2CL/UcnUc1zcqKAImBDzukY7Y5F/yQiNdko6+fRLevlw1HgMySw7f611UIY408EtxRSoK3Q==",
      "dependencies": {
        "js-tokens": "^3.0.0 || ^4.0.0"
      },
      "bin": {
        "loose-envify": "cli.js"
      }
    },
    "node_modules/prisma": {
      "version": "5.4.2",
      "resolved": "https://registry.npmjs.org/prisma/-/prisma-5.4.2.tgz",
      "integrity": "sha512-GDMZwZy7mysB2oXU+angQqJ90iaPFdD0rHaZNkn+dio5NRkGLmMqmXs31//tg/qXT3iB0cTQwnGGQNuirhSTZg==",
      "hasInstallScript": true,
      "dependencies": {
        "@prisma/engines": "5.4.2"
      },
      "bin": {
        "prisma": "build/index.js"
      },
      "engines": {
        "node": ">=16.13"
      }
    },
    "node_modules/react": {
      "version": "18.2.0",
      "resolved": "https://registry.npmjs.org/react/-/react-18.2.0.tgz",
      "integrity": "sha512-/3IjMdb2L9QbBdWiW5e3P2/npwMBaU9mHCSCUzNln0ZCYbcfTsGbTJrU/kGemdH2IWmB2ioZ+zkxtmq6g09fGQ==",
      "dependencies": {
        "loose-envify": "^1.1.0"
      },
      "engines": {
        "node": ">=0.10.0"
      }
    },
    "node_modules/react-dom": {
      "version": "18.2.0",
      "resolved": "https://registry.npmjs.org/react-dom/-/react-dom-18.2.0.tgz",
      "integrity": "sha512-6IMTriUmvsjHUjNtEDudZfuDQUoWXVxKHhlEGSk81n4YFS+r/Kl99wXiwlVXtPBtJenozv2P+hxDsw9eA7Xo6g==",
      "dependencies": {
        "loose-envify": "^1.1.0",
        "scheduler": "^0.23.0"
      },
      "peerDependencies": {
        "react": "^18.2.0"
      }
    },
    "node_modules/react-hook-form": {
      "version": "7.47.0",
      "resolved": "https://registry.npmjs.org/react-hook-form/-/react-hook-form-7.47.0.tgz",
      "integrity": "sha512-F/TroLjTICipmHeFlMrLtNLceO2xr1jU3CyiNla5zdwsGUGu2UOxxR4UyJgLlhMwLW/Wzp4cpJ7CPfgJIeKdSg==",
      "engines": {
        "node": ">=12.22.0"
      },
      "funding": {
        "type": "opencollective",
        "url": "https://opencollective.com/react-hook-form"
      },
      "peerDependencies": {
        "react": "^16.8.0 || ^17 || ^18"
      }
    },
    "node_modules/scheduler": {
      "version": "0.23.0",
      "resolved": "https://registry.npmjs.org/scheduler/-/scheduler-0.23.0.tgz",
      "integrity": "sha512-CtuThmgHNg7zIZWAXi3AsyIzA3n4xx7aNyjwC2VJldO2LMVDhFK+63xGqq6CsJH4rTAt6/M+N4GhZiDYPx9eUw==",
      "dependencies": {
        "loose-envify": "^1.1.0"
      }
    },
    "node_modules/typescript": {
      "version": "5.3.0-dev.20231012",
      "resolved": "https://registry.npmjs.org/typescript/-/typescript-5.3.0-dev.20231012.tgz",
      "integrity": "sha512-k/m+QK/2eVsPMAao4I28Cv2Y9WzUKFVhRqvFGZ3CIXc0lrMkw/1pSA+8tp7IMw1ecxoa1myFql1tmCUrMKCbzA==",
      "bin": {
        "tsc": "bin/tsc",
        "tsserver": "bin/tsserver"
      },
      "engines": {
        "node": ">=14.17"
      }
    }
  }
}
